
Microsoft Visual Studio Solution File, Format Version 12.00
# Visual Studio 2012
Project("{FAE04EC0-301F-11D3-BF4B-00C04F79EFBC}") = "Offline_lendingmanagementsystem_Its", "Offline_lendingmanagementsystem_Its\Offline_lendingmanagementsystem_Its.csproj", "{1EE0A512-47A8-4017-82FC-5BC6DD24B407}"
EndProject
Global
	GlobalSection(SolutionConfigurationPlatforms) = preSolution
		Debug|Any CPU = Debug|Any CPU
		Release|Any CPU = Release|Any CPU
	EndGlobalSection
	GlobalSection(ProjectConfigurationPlatforms) = postSolution
		{1EE0A512-47A8-4017-82FC-5BC6DD24B407}.Debug|Any CPU.ActiveCfg = Debug|Any CPU
		{1EE0A512-47A8-4017-82FC-5BC6DD24B407}.Debug|Any CPU.Build.0 = Debug|Any CPU
		{1EE0A512-47A8-4017-82FC-5BC6DD24B407}.Release|Any CPU.ActiveCfg = Release|Any CPU
		{1EE0A512-47A8-4017-82FC-5BC6DD24B407}.Release|Any CPU.Build.0 = Release|Any CPU
	EndGlobalSection
	GlobalSection(SolutionProperties) = preSolution
		HideSolutionNode = FALSE
	EndGlobalSection
EndGlobal
